
Microsoft Visual Studio Solution File, Format Version 12.00
# Visual Studio 15
VisualStudioVersion = 15.0.28010.2046
MinimumVisualStudioVersion = 10.0.40219.1
Project("{FAE04EC0-301F-11D3-BF4B-00C04F79EFBC}") = "XiaoYuanXiaoZhan.Utils", "XiaoYuanXiaoZhan.Utils\XiaoYuanXiaoZhan.Utils.csproj", "{84D5542F-9972-4B43-8707-26C7D9ACB5A1}"
EndProject
Project("{FAE04EC0-301F-11D3-BF4B-00C04F79EFBC}") = "Tests", "Tests\Tests.csproj", "{CA6CBE53-902C-40C4-A3A8-4A3E8AF75A55}"
EndProject
Global
	GlobalSection(SolutionConfigurationPlatforms) = preSolution
		Debug|Any CPU = Debug|Any CPU
		Release|Any CPU = Release|Any CPU
	EndGlobalSection
	GlobalSection(ProjectConfigurationPlatforms) = postSolution
		{84D5542F-9972-4B43-8707-26C7D9ACB5A1}.Debug|Any CPU.ActiveCfg = Debug|Any CPU
		{84D5542F-9972-4B43-8707-26C7D9ACB5A1}.Debug|Any CPU.Build.0 = Debug|Any CPU
		{84D5542F-9972-4B43-8707-26C7D9ACB5A1}.Release|Any CPU.ActiveCfg = Release|Any CPU
		{84D5542F-9972-4B43-8707-26C7D9ACB5A1}.Release|Any CPU.Build.0 = Release|Any CPU
		{CA6CBE53-902C-40C4-A3A8-4A3E8AF75A55}.Debug|Any CPU.ActiveCfg = Debug|Any CPU
		{CA6CBE53-902C-40C4-A3A8-4A3E8AF75A55}.Debug|Any CPU.Build.0 = Debug|Any CPU
		{CA6CBE53-902C-40C4-A3A8-4A3E8AF75A55}.Release|Any CPU.ActiveCfg = Release|Any CPU
		{CA6CBE53-902C-40C4-A3A8-4A3E8AF75A55}.Release|Any CPU.Build.0 = Release|Any CPU
	EndGlobalSection
	GlobalSection(SolutionProperties) = preSolution
		HideSolutionNode = FALSE
	EndGlobalSection
	GlobalSection(ExtensibilityGlobals) = postSolution
		SolutionGuid = {F1444BC5-AF9B-4DA0-9F8A-46ACDE6AFDF6}
	EndGlobalSection
EndGlobal
